
Microsoft Visual Studio Solution File, Format Version 12.00
# Visual Studio Version 16
VisualStudioVersion = 16.0.30114.105
MinimumVisualStudioVersion = 10.0.40219.1
Project("{FAE04EC0-301F-11D3-BF4B-00C04F79EFBC}") = "Auth", "Auth\Auth.csproj", "{8537BC71-40FA-42DB-B666-012B442B0571}"
EndProject
Project("{FAE04EC0-301F-11D3-BF4B-00C04F79EFBC}") = "Auth.Test", "Auth.Test\Auth.Test.csproj", "{02BDBAAB-EA0C-438F-B705-DEC4B83739A6}"
EndProject
Global
	GlobalSection(SolutionConfigurationPlatforms) = preSolution
		Debug|Any CPU = Debug|Any CPU
		Release|Any CPU = Release|Any CPU
	EndGlobalSection
	GlobalSection(SolutionProperties) = preSolution
		HideSolutionNode = FALSE
	EndGlobalSection
	GlobalSection(ProjectConfigurationPlatforms) = postSolution
		{8537BC71-40FA-42DB-B666-012B442B0571}.Debug|Any CPU.ActiveCfg = Debug|Any CPU
		{8537BC71-40FA-42DB-B666-012B442B0571}.Debug|Any CPU.Build.0 = Debug|Any CPU
		{8537BC71-40FA-42DB-B666-012B442B0571}.Release|Any CPU.ActiveCfg = Release|Any CPU
		{8537BC71-40FA-42DB-B666-012B442B0571}.Release|Any CPU.Build.0 = Release|Any CPU
		{02BDBAAB-EA0C-438F-B705-DEC4B83739A6}.Debug|Any CPU.ActiveCfg = Debug|Any CPU
		{02BDBAAB-EA0C-438F-B705-DEC4B83739A6}.Debug|Any CPU.Build.0 = Debug|Any CPU
		{02BDBAAB-EA0C-438F-B705-DEC4B83739A6}.Release|Any CPU.ActiveCfg = Release|Any CPU
		{02BDBAAB-EA0C-438F-B705-DEC4B83739A6}.Release|Any CPU.Build.0 = Release|Any CPU
	EndGlobalSection
EndGlobal
